{
    "_meta": {
        "sources": [
            {
                "url": "https://pypi.python.org/simple",
                "verify_ssl": true
            }
        ],
        "requires": {},
        "hash": {
            "sha256": "e4446a37a65fdca574724c35c79427651c606c4f7065a809779a01ae74ff8895"
        }
    },
    "default": {
        "aloe": {
            "hash": "sha256:2671488ffbde1850dcfd3d45c21ff2081a42dcbd0f34ac5dede66b8c1d5c2b82",
            "version": "==0.1.12"
        },
        "blessings": {
            "hash": "sha256:edc5713061f10966048bf6b40d9a514b381e0ba849c64e034c4ef6c1847d3007",
            "version": "==1.6"
        },
        "click": {
            "hash": "sha256:29f99fc6125fbc931b758dc053b3114e55c77a6e4c6c3a2674a2dc986016381d",
            "version": "==6.7"
        },
        "flask": {
            "hash": "sha256:7f03bb2c255452444f7265eddb51601806e5447b6f8a2d50bbc77a654a14c118",
            "version": "==0.12"
        },
        "flask-sqlalchemy": {
            "hash": "sha256:c5244de44cc85d2267115624d83faef3f9e8f088756788694f305a5d5ad137c5",
            "version": "==2.1"
        },
        "future": {
            "hash": "sha256:e39ced1ab767b5936646cedba8bcce582398233d6a627067d4c6a454c90cfedb",
            "version": "==0.16.0"
        },
        "gherkin-official": {
            "hash": "sha256:234721e12913fc147dc6e941a0bcb62f7b582c303605c359fb1c800517182e32",
            "version": "==4.0.0"
        },
        "itsdangerous": {
            "hash": "sha256:cbb3fcf8d3e33df861709ecaf89d9e6629cff0a217bc2848f1b41cd30d360519",
            "version": "==0.24"
        },
        "Jinja2": {
            "hash": "sha256:a7b7438120dbe76a8e735ef7eba6048eaf4e0b7dbc530e100812f8ec462a4d50",
            "version": "==2.9.5"
        },
        "MarkupSafe": {
            "hash": "sha256:a4ec1aff59b95a14b45eb2e23761a0179e98319da5a7eb76b56ea8cdc7b871c3",
            "version": "==0.23"
        },
        "nose": {
            "hash": "sha256:9ff7c6cc443f8c51994b34a667bbcf45afd6d945be7477b52e97516fd17c53ac",
            "version": "==1.3.7"
        },
        "psycopg2": {
            "hash": "sha256:70490e12ed9c5c818ecd85d185d363335cc8a8cbf7212e3c185431c79ff8c05c",
            "version": "==2.6.2"
        },
        "repoze.lru": {
            "hash": "sha256:0f7a323bf716d3cb6cb3910cd4fccbee0b3d3793322738566ecce163b01bbd31",
            "version": "==0.6"
        },
        "SQLAlchemy": {
            "hash": "sha256:68fb40049690e567ebda7b270176f5abf0d53d9fbd515fec4e43326f601119b6",
            "version": "==1.1.5"
        },
        "Werkzeug": {
            "hash": "sha256:c6f6f89124df0514d886782c658c3e12f2caaa94da34cee3fd82eebf4ebf052b",
            "version": "==0.11.15"
        }
    },
    "develop": {}
}