{
    "_meta": {
        "sources": [
            {
                "url": "https://pypi.python.org/simple",
                "verify_ssl": true
            }
        ],
        "requires": {},
        "hash": {
            "sha256": "07358c45d88804403323dc88f9cc1d4bc23be3937d40e123a55c425b902f560e"
        }
    },
    "default": {
        "argparse": {
            "hash": "sha256:c31647edb69fd3d465a847ea3157d37bed1f95f19760b11a47aa91c04b666314",
            "version": "==1.4.0"
        },
        "extras": {
            "hash": "sha256:f689f08df47e2decf76aa6208c081306e7bd472630eb1ec8a875c67de2366e87",
            "version": "==1.0.0"
        },
        "fixtures": {
            "hash": "sha256:2a551b0421101de112d9497fb5f6fd25e5019391c0fbec9bad591ecae981420d",
            "version": "==3.0.0"
        },
        "fuzzywuzzy": {
            "hash": "sha256:8bfa38665247af7a4110643cf7b2dca9c46b8456aead28beae4f1fb2a53c8575",
            "version": "==0.14.0"
        },
        "lettuce": {
            "hash": "sha256:e9a86f98c7dbe860d9b51f8493a1f039663dcb05fddbad2e8c042ede33cc3c22",
            "version": "==0.2.23"
        },
        "linecache2": {
            "hash": "sha256:e78be9c0a0dfcbac712fe04fbf92b96cddae80b1b842f24248214c8496f006ef",
            "version": "==1.0.0"
        },
        "mock": {
            "hash": "sha256:5ce3c71c5545b472da17b72268978914d0252980348636840bd34a00b5cc96c1",
            "version": "==2.0.0"
        },
        "pbr": {
            "hash": "sha256:f5cf7265a80636ecff66806d13494cbf9d77a3758a65fd8b4d4d4bee81b0c375",
            "version": "==1.10.0"
        },
        "python-mimeparse": {
            "hash": "sha256:a295f03ff20341491bfe4717a39cd0a8cc9afad619ba44b77e86b0ab8a2b8282",
            "version": "==1.6.0"
        },
        "python-subunit": {
            "hash": "sha256:92d4e86e5fe6e9903f9cf4e1a378dc3e5f0b34138fadc110577e831c26ce46b4",
            "version": "==1.2.0"
        },
        "six": {
            "hash": "sha256:0ff78c403d9bccf5a425a6d31a12aa6b47f1c21ca4dc2573a7e2f32a97335eb1",
            "version": "==1.10.0"
        },
        "sure": {
            "hash": "sha256:95bc7ce501b7d767a35f44de0c8ed7f9c7c5255c4b95b336ad0ae9e02f5401b3",
            "version": "==1.4.1"
        },
        "testtools": {
            "hash": "sha256:9b21a293cd33853956b1d3834c294d77a6ad0ab0eb1c077f858be433f0f225bb",
            "version": "==2.2.0"
        },
        "traceback2": {
            "hash": "sha256:8253cebec4b19094d67cc5ed5af99bf1dba1285292226e98a31929f87a5d6b23",
            "version": "==1.4.0"
        },
        "unittest2": {
            "hash": "sha256:13f77d0875db6d9b435e1d4f41e74ad4cc2eb6e1d5c824996092b3430f088bb8",
            "version": "==1.1.0"
        }
    },
    "develop": {}
}